%{
  "certifi": {:hex, :certifi, "2.5.3", "70bdd7e7188c804f3a30ee0e7c99655bc35d8ac41c23e12325f36ab449b70651", [:rebar3], [{:parse_trans, "~>3.3", [hex: :parse_trans, repo: "hexpm", optional: false]}], "hexpm", "ed516acb3929b101208a9d700062d520f3953da3b6b918d866106ffa980e1c10"},
  "eredis": {:hex, :eredis, "1.3.3", "45e9849cb9963bb6af40a7c53b05a3ce878a3002e331360568929256c04a8945", [:mix, :rebar3], [], "hexpm", "d9bac0c0707a3bf80f938bbc3907cecfec2709e2572e7de11211cce40c269ec1"},
  "excoveralls": {:hex, :excoveralls, "0.14.0", "4b562d2acd87def01a3d1621e40037fdbf99f495ed3a8570dfcf1ab24e15f76d", [:mix], [{:hackney, "~> 1.16", [hex: :hackney, repo: "hexpm", optional: false]}, {:jason, "~> 1.0", [hex: :jason, repo: "hexpm", optional: false]}], "hexpm", "94f17478b0cca020bcd85ce7eafea82d2856f7ed022be777734a2f864d36091a"},
  "exjsx": {:hex, :exjsx, "3.1.0", "d419162cb2d5be80070835c2c2b8c78c8c45907706c991d23f3750dae506d1e9", [:mix], [{:jsx, "~> 2.4.0", [hex: :jsx, repo: "hexpm", optional: false]}], "hexpm", "588a0b67ed0c45b21f018515fc478efac83c088661bd588831e41c9073a818fb"},
  "extwitter": {:hex, :extwitter, "0.12.2", "2cb458404e8b22f8c0b6f6180edc09101a41657ec41f29b3e2f7954cd45478ee", [:mix], [{:jason, "~> 1.1", [hex: :jason, repo: "hexpm", optional: false]}, {:oauther, "~> 1.1", [hex: :oauther, repo: "hexpm", optional: false]}], "hexpm", "ad9d09ab2e59f09df98c0382976b0191bb90486608e658407f00ea9277c72616"},
  "hackney": {:hex, :hackney, "1.17.1", "08463f93d2cc1a03817bf28d8dae6021543f773bd436c9377047224856c4422c", [:rebar3], [{:certifi, "~>2.5", [hex: :certifi, repo: "hexpm", optional: false]}, {:idna, "~>6.1.0", [hex: :idna, repo: "hexpm", optional: false]}, {:metrics, "~>1.0.0", [hex: :metrics, repo: "hexpm", optional: false]}, {:mimerl, "~>1.1", [hex: :mimerl, repo: "hexpm", optional: false]}, {:parse_trans, "~>3.3", [hex: :parse_trans, repo: "hexpm", optional: false]}, {:ssl_verify_fun, "~>1.1.0", [hex: :ssl_verify_fun, repo: "hexpm", optional: false]}, {:unicode_util_compat, "~>0.7.0", [hex: :unicode_util_compat, repo: "hexpm", optional: false]}], "hexpm", "d2cba9e3c8103ad0320623e9f1c33e8d378a15eaabe2ee8ae441898f3d35a18c"},
  "httpoison": {:hex, :httpoison, "0.13.0", "bfaf44d9f133a6599886720f3937a7699466d23bb0cd7a88b6ba011f53c6f562", [:mix], [{:hackney, "~> 1.8", [hex: :hackney, repo: "hexpm", optional: false]}], "hexpm", "4846958172d6401c4f34ecc5c2c4607b5b0d90b8eec8f6df137ca4907942ed0f"},
  "idna": {:hex, :idna, "6.1.1", "8a63070e9f7d0c62eb9d9fcb360a7de382448200fbbd1b106cc96d3d8099df8d", [:rebar3], [{:unicode_util_compat, "~>0.7.0", [hex: :unicode_util_compat, repo: "hexpm", optional: false]}], "hexpm", "92376eb7894412ed19ac475e4a86f7b413c1b9fbb5bd16dccd57934157944cea"},
  "jason": {:hex, :jason, "1.2.2", "ba43e3f2709fd1aa1dce90aaabfd039d000469c05c56f0b8e31978e03fa39052", [:mix], [{:decimal, "~> 1.0 or ~> 2.0", [hex: :decimal, repo: "hexpm", optional: true]}], "hexpm", "18a228f5f0058ee183f29f9eae0805c6e59d61c3b006760668d8d18ff0d12179"},
  "jsx": {:hex, :jsx, "2.4.0", "fb83830ac15e981b6ce310b645324ceecd01b1e0847d23921c33df829de5d2db", [:mix], [], "hexpm", "f9044993bfc94371a7757656ab4b9ba2daaad3ddc97df37c2368875eea049b19"},
  "meck": {:hex, :meck, "0.8.13", "ffedb39f99b0b99703b8601c6f17c7f76313ee12de6b646e671e3188401f7866", [:rebar3], [], "hexpm", "d34f013c156db51ad57cc556891b9720e6a1c1df5fe2e15af999c84d6cebeb1a"},
  "metrics": {:hex, :metrics, "1.0.1", "25f094dea2cda98213cecc3aeff09e940299d950904393b2a29d191c346a8486", [:rebar3], [], "hexpm", "69b09adddc4f74a40716ae54d140f93beb0fb8978d8636eaded0c31b6f099f16"},
  "mimerl": {:hex, :mimerl, "1.2.0", "67e2d3f571088d5cfd3e550c383094b47159f3eee8ffa08e64106cdf5e981be3", [:rebar3], [], "hexpm", "f278585650aa581986264638ebf698f8bb19df297f66ad91b18910dfc6e19323"},
  "mock": {:hex, :mock, "0.1.0", "bfda86755cef85447e5466486affcb8fc39d4c54806d9536b73532d1e8fa9511", [:mix], [{:meck, "~> 0.8.2", [hex: :meck, repo: "hexpm", optional: false]}], "hexpm", "f1d785a3e0e96187fc4ea915f29ff816b2aaabbc0a59c8095d2bf32160ccbe65"},
  "oauth": {:git, "https://github.com/tim/erlang-oauth.git", "bdd3a80026f6835fa916d8ef0827fc094eb0ea6a", []},
  "oauther": {:hex, :oauther, "1.1.1", "7d8b16167bb587ecbcddd3f8792beb9ec3e7b65c1f8ebd86b8dd25318d535752", [:mix], [], "hexpm", "9374f4302045321874cccdc57eb975893643bd69c3b22bf1312dab5f06e5788e"},
  "parse_trans": {:hex, :parse_trans, "3.4.0", "bb87ac362a03ca674ebb7d9d498f45c03256aded7214c9101f7035ef44b798c7", [:rebar3], [], "hexpm", "f99e368830bea44552224e37e04943a54874f08b8590485de8d13832b63a2dc3"},
  "poolboy": {:hex, :poolboy, "1.5.2", "392b007a1693a64540cead79830443abf5762f5d30cf50bc95cb2c1aaafa006b", [:rebar3], [], "hexpm", "dad79704ce5440f3d5a3681c8590b9dc25d1a561e8f5a9c995281012860901e3"},
  "redis_pool": {:git, "https://github.com/le0pard/redis_pool", "263584918bf269a7e3813941a0021351240c6721", []},
  "ssl_verify_fun": {:hex, :ssl_verify_fun, "1.1.6", "cf344f5692c82d2cd7554f5ec8fd961548d4fd09e7d22f5b62482e5aeaebd4b0", [:make, :mix, :rebar3], [], "hexpm", "bdb0d2471f453c88ff3908e7686f86f9be327d065cc1ec16fa4540197ea04680"},
  "ssl_verify_hostname": {:hex, :ssl_verify_hostname, "1.0.1", "e6ef428c350d1b7e9c534c0929caae1ecb47c22f88cbbb880e07e46918380cc5", [:make], [], "hexpm", "630baab6b1dd68f516b779353b368e4c605f1a022f3e544833b1667fdd321493"},
  "timex": {:hex, :timex, "0.13.5", "54c015e379ccf4c145761f85b9895e9d500848135b84356d0e8d9ef7f4f6e980", [:mix], [], "hexpm", "2d553f9e4b5ed7f7f9743012b6be8fd5bdf5d727e93951cd5be220dcbf161f75"},
  "unicode_util_compat": {:hex, :unicode_util_compat, "0.7.0", "bc84380c9ab48177092f43ac89e4dfa2c6d62b40b8bd132b1059ecc7232f9a78", [:rebar3], [], "hexpm", "25eee6d67df61960cf6a794239566599b09e17e668d3700247bc498638152521"},
}
